
Microsoft Visual Studio Solution File, Format Version 12.00
# Visual Studio 15
VisualStudioVersion = 15.0.28307.489
MinimumVisualStudioVersion = 10.0.40219.1
Project("{888888A0-9F3D-457C-B088-3A5042F75D52}") = "jfzhang95", "jfzhang95.pyproj", "{B401311F-DD63-4477-B160-4645C4479C21}"
EndProject
Global
	GlobalSection(SolutionConfigurationPlatforms) = preSolution
		Debug|Any CPU = Debug|Any CPU
		Release|Any CPU = Release|Any CPU
	EndGlobalSection
	GlobalSection(ProjectConfigurationPlatforms) = postSolution
		{B401311F-DD63-4477-B160-4645C4479C21}.Debug|Any CPU.ActiveCfg = Debug|Any CPU
		{B401311F-DD63-4477-B160-4645C4479C21}.Release|Any CPU.ActiveCfg = Release|Any CPU
	EndGlobalSection
	GlobalSection(SolutionProperties) = preSolution
		HideSolutionNode = FALSE
	EndGlobalSection
	GlobalSection(ExtensibilityGlobals) = postSolution
		SolutionGuid = {B0F2367A-C3B9-48CB-848E-0AFAE69A3596}
	EndGlobalSection
EndGlobal
